github.com/ec1oud/blackfriday v0.0.0-20170301190602-4575f80c9153 h1:SV6NsaQN+6LwFz9KyjSUFHfDDdjhVgYTGJw/QFxFT7Q=
github.com/ec1oud/blackfriday v0.0.0-20170301190602-4575f80c9153/go.mod h1:RHsLyg+obmMTp8zmSEW25XveZxSJmUCxSo+dKxpD3Dg=
github.com/pkg/errors v0.9.0 h1:J8lpUdobwIeCI7OiSxHqEwJUKvJwicL5+3v1oe2Yb4k=
github.com/pkg/errors v0.9.0/go.mod h1:bwawxfHBFNV+L2hUp1rHADufV3IMtnDRdf1r5NINEl0=
github.com/shurcooL/sanitized_anchor_name v0.0.0-20170515013256-541ff5ee47f1 h1:lEPgYIua1WDfCB8zRDUNtaXg/lURR9tFcz4F90fo6ME=
github.com/shurcooL/sanitized_anchor_name v0.0.0-20170515013256-541ff5ee47f1/go.mod h1:1NzhyTcUVG4SuEtjjoZeVRXNmyL/1OwPU0+IJeTBvfc=
golang.org/x/crypto v0.0.0-20170628150144-84f24dfdf3c4 h1:FBL/lxqdfvq+ustp39HK6a1nNQChKXcm9Lrn2LLJZs4=
golang.org/x/crypto v0.0.0-20170628150144-84f24dfdf3c4/go.mod h1:6SG95UA2DQfeDnfUPMdvaQW0Q7yPrPDi9nlGo2tz2b4=
golang.org/x/sys v0.0.0-20170627160855-90796e5a05ce h1:kBeK9Kz3rv5dnIqoEcwmvjvextKbN9+Fe/3IjAvh858=
golang.org/x/sys v0.0.0-20170627160855-90796e5a05ce/go.mod h1:STP8DvDyc/dI5b8T5hshtkjS+E42TnysNCUPdjciGhY=
