# This file is autogenerated, do not edit; changes may be undone by the next 'dep ensure'.


[[projects]]
  branch = "master"
  name = "github.com/bfontaine/which"
  packages = ["which"]
  revision = "eb85e63e18a74984175ed2425b148f06a0428431"

[[projects]]
  branch = "master"
  name = "github.com/ec1oud/blackfriday"
  packages = ["."]
  revision = "4575f80c915378520ef9395f96278fe8ee36f84b"

[[projects]]
  name = "github.com/pkg/errors"
  packages = ["."]
  revision = "645ef00459ed84a119197bfb8d8205042c6df63d"
  version = "v0.8.0"

[[projects]]
  branch = "master"
  name = "github.com/shurcooL/sanitized_anchor_name"
  packages = ["."]
  revision = "541ff5ee47f1dddf6a5281af78307d921524bcb5"

[[projects]]
  branch = "master"
  name = "golang.org/x/crypto"
  packages = ["ssh/terminal"]
  revision = "84f24dfdf3c414ed893ca1b318d0045ef5a1f607"

[[projects]]
  branch = "master"
  name = "golang.org/x/sys"
  packages = ["unix"]
  revision = "90796e5a05ce440b41c768bd9af257005e470461"

[solve-meta]
  analyzer-name = "dep"
  analyzer-version = 1
  inputs-digest = "f30a1f3f5451c7cb0814fe2d11ff063b86f33fce4e710b1aab85ca1484aec7af"
  solver-name = "gps-cdcl"
  solver-version = 1
