# This file is autogenerated, do not edit; changes may be undone by the next 'dep ensure'.


[[projects]]
  branch = "master"
  name = "github.com/bfontaine/which"
  packages = ["which"]
  revision = "eb85e63e18a74984175ed2425b148f06a0428431"

[[projects]]
  name = "github.com/rjeczalik/which"
  packages = ["."]
  revision = "e12bb5eb7e13f8265c861660435848b33f5efe6a"
  version = "1.0.1"

[solve-meta]
  analyzer-name = "dep"
  analyzer-version = 1
  inputs-digest = "3a2ad4c0c6c40405c9491033235cbb193a19196c0b2fdc41d3bfa17324573c01"
  solver-name = "gps-cdcl"
  solver-version = 1
